lockfileVersion: '9.0'

settings:
  autoInstallPeers: true
  excludeLinksFromLockfile: false

importers:

  .:
    dependencies:
      '@oclif/core':
        specifier: ^4
        version: 4.11.11
      lodash:
        specifier: ^4.17.15
        version: 4.17.15
    devDependencies:
      vitest:
        specifier: ^2.1.9
        version: 2.1.9(@types/node@22.20.0)

packages:

  '@ampproject/remapping@2.3.0':
    resolution: {integrity: sha512-30iZtAPgz+LTIYoeivqYo853f02jBYSd5uGnGpkFV0M3xOt9aN73erkgYAmZU43x4VfqcnLxW9Kpg3R5LC4YYw==}
    engines: {node: '>=6.0.0'}

  '@oclif/core@4.11.11':
    resolution: {integrity: sha512-fake==}

  lodash@4.17.15:
    resolution: {integrity: sha512-fake==}

  vitest@2.1.9(@types/node@22.20.0):
    resolution: {integrity: sha512-fake==}

  tarball-dep@https://example.test/pkg.tgz:
    resolution: {tarball: https://example.test/pkg.tgz}
