# Generated by pub
# See https://dart.dev/tools/pub/glossary#lockfile
packages:
  _fe_analyzer_shared:
    dependency: transitive
    description:
      name: _fe_analyzer_shared
      sha256: a49d6cf99e8d8e7a8e93668d09ced0bbdb954d0b4fccc2f5f9241c6b87fad95c
      url: "https://pub.dev"
    source: hosted
    version: "99.0.0"
  http:
    dependency: "direct main"
    description:
      name: http
      sha256: "78f98c1f9c4dbbd22c2bb7b7f17c4a5c06150e8b2cb791a0947979ad0d3dabd5"
      url: "https://pub.dev"
    source: hosted
    version: "0.13.0"
  flutter_test:
    dependency: "direct dev"
    description: flutter
    source: sdk
    version: "0.0.0"
  local_widgets:
    dependency: "direct main"
    description:
      path: "packages/local_widgets"
      relative: true
    source: path
sdks:
  dart: ">=3.5.0 <4.0.0"
